PODS:
  - Kingfisher (5.14.0):
    - Kingfisher/Core (= 5.14.0)
  - Kingfisher/Core (5.14.0)

DEPENDENCIES:
  - Kingfisher

SPEC REPOS:
  trunk:
    - Kingfisher

SPEC CHECKSUMS:
  Kingfisher: 7b64389a43139c903ec434788344c288217c792d

PODFILE CHECKSUM: 68c126516200a9e23196f8bfd08cc95c6c85a3b2

COCOAPODS: 1.9.0
