PODS:
  - Kingfisher (5.14.0):
    - Kingfisher/Core (= 5.14.0)
  - Kingfisher/Core (5.14.0)
  - Kingfisher/SwiftUI (5.14.0):
    - Kingfisher/Core

DEPENDENCIES:
  - Kingfisher
  - Kingfisher/SwiftUI

SPEC REPOS:
  trunk:
    - Kingfisher

SPEC CHECKSUMS:
  Kingfisher: 7b64389a43139c903ec434788344c288217c792d

PODFILE CHECKSUM: 3b314b4fca0e205166b19a1d4694802cdfc0edab

COCOAPODS: 1.9.0
