// !$*UTF8*$!
{
	archiveVersion = 1;
	classes = {
	};
	objectVersion = 51;
	objects = {

/* Begin PBXBuildFile section */
		83CE02434966DC88EDC33B46 /* Pods_GitHubUsers.framework in Frameworks */ = {isa = PBXBuildFile; fileRef = 4707421213D244EDD4776069 /* Pods_GitHubUsers.framework */; };
		8C09591524925AB40074CA59 /* UICollectionViewExtensions.swift in Sources */ = {isa = PBXBuildFile; fileRef = 8C09591424925AB40074CA59 /* UICollectionViewExtensions.swift */; };
		8C0ED6192493F6B400DCC857 /* UserDefaultsExtensions.swift in Sources */ = {isa = PBXBuildFile; fileRef = 8C0ED6182493F6B400DCC857 /* UserDefaultsExtensions.swift */; };
		8C4395A3249364EE000659F2 /* CDUser+CoreDataProperties.swift in Sources */ = {isa = PBXBuildFile; fileRef = 8C4395A2249364EE000659F2 /* CDUser+CoreDataProperties.swift */; };
		8C4395A724938A08000659F2 /* 18357-spinner-dots.json in Resources */ = {isa = PBXBuildFile; fileRef = 8C4395A624938A08000659F2 /* 18357-spinner-dots.json */; };
		8C4395A924939202000659F2 /* LottieView.swift in Sources */ = {isa = PBXBuildFile; fileRef = 8C4395A824939202000659F2 /* LottieView.swift */; };
		8C640F33248E8DC4003EA22C /* AppDelegate.swift in Sources */ = {isa = PBXBuildFile; fileRef = 8C640F32248E8DC4003EA22C /* AppDelegate.swift */; };
		8C640F35248E8DC4003EA22C /* SceneDelegate.swift in Sources */ = {isa = PBXBuildFile; fileRef = 8C640F34248E8DC4003EA22C /* SceneDelegate.swift */; };
		8C640F3A248E8DC4003EA22C /* Main.storyboard in Resources */ = {isa = PBXBuildFile; fileRef = 8C640F38248E8DC4003EA22C /* Main.storyboard */; };
		8C640F3D248E8DC4003EA22C /* GitHubUsers.xcdatamodeld in Sources */ = {isa = PBXBuildFile; fileRef = 8C640F3B248E8DC4003EA22C /* GitHubUsers.xcdatamodeld */; };
		8C640F3F248E8DC5003EA22C /* Assets.xcassets in Resources */ = {isa = PBXBuildFile; fileRef = 8C640F3E248E8DC5003EA22C /* Assets.xcassets */; };
		8C640F42248E8DC5003EA22C /* LaunchScreen.storyboard in Resources */ = {isa = PBXBuildFile; fileRef = 8C640F40248E8DC5003EA22C /* LaunchScreen.storyboard */; };
		8C640F4F248E8FF9003EA22C /* UserListCell.xib in Resources */ = {isa = PBXBuildFile; fileRef = 8C640F4D248E8FF9003EA22C /* UserListCell.xib */; };
		8C640F50248E8FF9003EA22C /* UserListCell.swift in Sources */ = {isa = PBXBuildFile; fileRef = 8C640F4E248E8FF9003EA22C /* UserListCell.swift */; };
		8C640F52248E9E36003EA22C /* User.swift in Sources */ = {isa = PBXBuildFile; fileRef = 8C640F51248E9E36003EA22C /* User.swift */; };
		8C640F58248F9CF5003EA22C /* UserDragCoordinator.swift in Sources */ = {isa = PBXBuildFile; fileRef = 8C640F57248F9CF5003EA22C /* UserDragCoordinator.swift */; };
		8C640F6B249000B4003EA22C /* Result.swift in Sources */ = {isa = PBXBuildFile; fileRef = 8C640F69249000B4003EA22C /* Result.swift */; };
		8C640F6C249000B4003EA22C /* URLEncoder.swift in Sources */ = {isa = PBXBuildFile; fileRef = 8C640F6A249000B4003EA22C /* URLEncoder.swift */; };
		8C640F72249000D5003EA22C /* HTTPMethod.swift in Sources */ = {isa = PBXBuildFile; fileRef = 8C640F6D249000D4003EA22C /* HTTPMethod.swift */; };
		8C640F73249000D5003EA22C /* HTTPNetworkRequest.swift in Sources */ = {isa = PBXBuildFile; fileRef = 8C640F6E249000D5003EA22C /* HTTPNetworkRequest.swift */; };
		8C640F74249000D5003EA22C /* HTTPNetworkError.swift in Sources */ = {isa = PBXBuildFile; fileRef = 8C640F6F249000D5003EA22C /* HTTPNetworkError.swift */; };
		8C640F75249000D5003EA22C /* HTTPNetworkResponse.swift in Sources */ = {isa = PBXBuildFile; fileRef = 8C640F70249000D5003EA22C /* HTTPNetworkResponse.swift */; };
		8C640F76249000D5003EA22C /* HTTPNetworkRoute.swift in Sources */ = {isa = PBXBuildFile; fileRef = 8C640F71249000D5003EA22C /* HTTPNetworkRoute.swift */; };
		8C640F7924900108003EA22C /* SearchUsersService.swift in Sources */ = {isa = PBXBuildFile; fileRef = 8C640F7724900108003EA22C /* SearchUsersService.swift */; };
		8C640F7A24900108003EA22C /* APIResponseSearchUsers.swift in Sources */ = {isa = PBXBuildFile; fileRef = 8C640F7824900108003EA22C /* APIResponseSearchUsers.swift */; };
		8C656F732492311A003D8723 /* UserGridCell.xib in Resources */ = {isa = PBXBuildFile; fileRef = 8C656F712492311A003D8723 /* UserGridCell.xib */; };
		8C656F742492311A003D8723 /* UserGridCell.swift in Sources */ = {isa = PBXBuildFile; fileRef = 8C656F722492311A003D8723 /* UserGridCell.swift */; };
		8C656F762492406C003D8723 /* SearchUsersVC.swift in Sources */ = {isa = PBXBuildFile; fileRef = 8C656F752492406C003D8723 /* SearchUsersVC.swift */; };
		8C8174E22492AA5C00789AD3 /* CDUser+CoreDataClass.swift in Sources */ = {isa = PBXBuildFile; fileRef = 8C8174E02492AA5C00789AD3 /* CDUser+CoreDataClass.swift */; };
		8C8174E52492AC7500789AD3 /* PersistencyService.swift in Sources */ = {isa = PBXBuildFile; fileRef = 8C8174E42492AC7500789AD3 /* PersistencyService.swift */; };
		8CA62A572490CDEE00455B9F /* UserService.swift in Sources */ = {isa = PBXBuildFile; fileRef = 8CA62A562490CDEE00455B9F /* UserService.swift */; };
		8CA62A592490D1D100455B9F /* APIResponseUser.swift in Sources */ = {isa = PBXBuildFile; fileRef = 8CA62A582490D1D100455B9F /* APIResponseUser.swift */; };
		8CA62A5D2490F79000455B9F /* URLExtensions.swift in Sources */ = {isa = PBXBuildFile; fileRef = 8CA62A5C2490F79000455B9F /* URLExtensions.swift */; };
		8CA62A6224910C5500455B9F /* LoadUsers.swift in Sources */ = {isa = PBXBuildFile; fileRef = 8CA62A6124910C5500455B9F /* LoadUsers.swift */; };
		8CA62A6424910FFB00455B9F /* DataExtensions.swift in Sources */ = {isa = PBXBuildFile; fileRef = 8CA62A6324910FFB00455B9F /* DataExtensions.swift */; };
		8CA62A662491220300455B9F /* UserDetailView.swift in Sources */ = {isa = PBXBuildFile; fileRef = 8CA62A652491220300455B9F /* UserDetailView.swift */; };
/* End PBXBuildFile section */

/* Begin PBXFileReference section */
		3DD86876BB732951A8A5BA0C /* Pods-GitHubUsers.release.xcconfig */ = {isa = PBXFileReference; includeInIndex = 1; lastKnownFileType = text.xcconfig; name = "Pods-GitHubUsers.release.xcconfig"; path = "Target Support Files/Pods-GitHubUsers/Pods-GitHubUsers.release.xcconfig"; sourceTree = "<group>"; };
		4707421213D244EDD4776069 /* Pods_GitHubUsers.framework */ = {isa = PBXFileReference; explicitFileType = wrapper.framework; includeInIndex = 0; path = Pods_GitHubUsers.framework; sourceTree = BUILT_PRODUCTS_DIR; };
		8C09591424925AB40074CA59 /* UICollectionViewExtensions.swift */ = {isa = PBXFileReference; lastKnownFileType = sourcecode.swift; path = UICollectionViewExtensions.swift; sourceTree = "<group>"; };
		8C0ED6182493F6B400DCC857 /* UserDefaultsExtensions.swift */ = {isa = PBXFileReference; lastKnownFileType = sourcecode.swift; path = UserDefaultsExtensions.swift; sourceTree = "<group>"; };
		8C4395A2249364EE000659F2 /* CDUser+CoreDataProperties.swift */ = {isa = PBXFileReference; lastKnownFileType = sourcecode.swift; name = "CDUser+CoreDataProperties.swift"; path = "/Users/cathalfarrell/Documents/Repositories/github-users/GitHubUsers/CoreData/CDUser+CoreDataProperties.swift"; sourceTree = "<absolute>"; };
		8C4395A624938A08000659F2 /* 18357-spinner-dots.json */ = {isa = PBXFileReference; fileEncoding = 4; lastKnownFileType = text.json; path = "18357-spinner-dots.json"; sourceTree = "<group>"; };
		8C4395A824939202000659F2 /* LottieView.swift */ = {isa = PBXFileReference; lastKnownFileType = sourcecode.swift; path = LottieView.swift; sourceTree = "<group>"; };
		8C640F2F248E8DC4003EA22C /* GitHubUsers.app */ = {isa = PBXFileReference; explicitFileType = wrapper.application; includeInIndex = 0; path = GitHubUsers.app; sourceTree = BUILT_PRODUCTS_DIR; };
		8C640F32248E8DC4003EA22C /* AppDelegate.swift */ = {isa = PBXFileReference; lastKnownFileType = sourcecode.swift; path = AppDelegate.swift; sourceTree = "<group>"; };
		8C640F34248E8DC4003EA22C /* SceneDelegate.swift */ = {isa = PBXFileReference; lastKnownFileType = sourcecode.swift; path = SceneDelegate.swift; sourceTree = "<group>"; };
		8C640F39248E8DC4003EA22C /* Base */ = {isa = PBXFileReference; lastKnownFileType = file.storyboard; name = Base; path = Base.lproj/Main.storyboard; sourceTree = "<group>"; };
		8C640F3C248E8DC4003EA22C /* GitHubUsers.xcdatamodel */ = {isa = PBXFileReference; lastKnownFileType = wrapper.xcdatamodel; path = GitHubUsers.xcdatamodel; sourceTree = "<group>"; };
		8C640F3E248E8DC5003EA22C /* Assets.xcassets */ = {isa = PBXFileReference; lastKnownFileType = folder.assetcatalog; path = Assets.xcassets; sourceTree = "<group>"; };
		8C640F41248E8DC5003EA22C /* Base */ = {isa = PBXFileReference; lastKnownFileType = file.storyboard; name = Base; path = Base.lproj/LaunchScreen.storyboard; sourceTree = "<group>"; };
		8C640F43248E8DC5003EA22C /* Info.plist */ = {isa = PBXFileReference; lastKnownFileType = text.plist.xml; path = Info.plist; sourceTree = "<group>"; };
		8C640F4D248E8FF9003EA22C /* UserListCell.xib */ = {isa = PBXFileReference; lastKnownFileType = file.xib; path = UserListCell.xib; sourceTree = "<group>"; };
		8C640F4E248E8FF9003EA22C /* UserListCell.swift */ = {isa = PBXFileReference; lastKnownFileType = sourcecode.swift; path = UserListCell.swift; sourceTree = "<group>"; };
		8C640F51248E9E36003EA22C /* User.swift */ = {isa = PBXFileReference; lastKnownFileType = sourcecode.swift; path = User.swift; sourceTree = "<group>"; };
		8C640F57248F9CF5003EA22C /* UserDragCoordinator.swift */ = {isa = PBXFileReference; lastKnownFileType = sourcecode.swift; path = UserDragCoordinator.swift; sourceTree = "<group>"; };
		8C640F69249000B4003EA22C /* Result.swift */ = {isa = PBXFileReference; fileEncoding = 4; lastKnownFileType = sourcecode.swift; path = Result.swift; sourceTree = "<group>"; };
		8C640F6A249000B4003EA22C /* URLEncoder.swift */ = {isa = PBXFileReference; fileEncoding = 4; lastKnownFileType = sourcecode.swift; path = URLEncoder.swift; sourceTree = "<group>"; };
		8C640F6D249000D4003EA22C /* HTTPMethod.swift */ = {isa = PBXFileReference; fileEncoding = 4; lastKnownFileType = sourcecode.swift; path = HTTPMethod.swift; sourceTree = "<group>"; };
		8C640F6E249000D5003EA22C /* HTTPNetworkRequest.swift */ = {isa = PBXFileReference; fileEncoding = 4; lastKnownFileType = sourcecode.swift; path = HTTPNetworkRequest.swift; sourceTree = "<group>"; };
		8C640F6F249000D5003EA22C /* HTTPNetworkError.swift */ = {isa = PBXFileReference; fileEncoding = 4; lastKnownFileType = sourcecode.swift; path = HTTPNetworkError.swift; sourceTree = "<group>"; };
		8C640F70249000D5003EA22C /* HTTPNetworkResponse.swift */ = {isa = PBXFileReference; fileEncoding = 4; lastKnownFileType = sourcecode.swift; path = HTTPNetworkResponse.swift; sourceTree = "<group>"; };
		8C640F71249000D5003EA22C /* HTTPNetworkRoute.swift */ = {isa = PBXFileReference; fileEncoding = 4; lastKnownFileType = sourcecode.swift; path = HTTPNetworkRoute.swift; sourceTree = "<group>"; };
		8C640F7724900108003EA22C /* SearchUsersService.swift */ = {isa = PBXFileReference; fileEncoding = 4; lastKnownFileType = sourcecode.swift; path = SearchUsersService.swift; sourceTree = "<group>"; };
		8C640F7824900108003EA22C /* APIResponseSearchUsers.swift */ = {isa = PBXFileReference; fileEncoding = 4; lastKnownFileType = sourcecode.swift; path = APIResponseSearchUsers.swift; sourceTree = "<group>"; };
		8C656F712492311A003D8723 /* UserGridCell.xib */ = {isa = PBXFileReference; fileEncoding = 4; lastKnownFileType = file.xib; path = UserGridCell.xib; sourceTree = "<group>"; };
		8C656F722492311A003D8723 /* UserGridCell.swift */ = {isa = PBXFileReference; fileEncoding = 4; lastKnownFileType = sourcecode.swift; path = UserGridCell.swift; sourceTree = "<group>"; };
		8C656F752492406C003D8723 /* SearchUsersVC.swift */ = {isa = PBXFileReference; lastKnownFileType = sourcecode.swift; path = SearchUsersVC.swift; sourceTree = "<group>"; };
		8C8174E02492AA5C00789AD3 /* CDUser+CoreDataClass.swift */ = {isa = PBXFileReference; lastKnownFileType = sourcecode.swift; path = "CDUser+CoreDataClass.swift"; sourceTree = "<group>"; };
		8C8174E42492AC7500789AD3 /* PersistencyService.swift */ = {isa = PBXFileReference; lastKnownFileType = sourcecode.swift; path = PersistencyService.swift; sourceTree = "<group>"; };
		8CA62A562490CDEE00455B9F /* UserService.swift */ = {isa = PBXFileReference; lastKnownFileType = sourcecode.swift; path = UserService.swift; sourceTree = "<group>"; };
		8CA62A582490D1D100455B9F /* APIResponseUser.swift */ = {isa = PBXFileReference; lastKnownFileType = sourcecode.swift; path = APIResponseUser.swift; sourceTree = "<group>"; };
		8CA62A5C2490F79000455B9F /* URLExtensions.swift */ = {isa = PBXFileReference; lastKnownFileType = sourcecode.swift; path = URLExtensions.swift; sourceTree = "<group>"; };
		8CA62A6124910C5500455B9F /* LoadUsers.swift */ = {isa = PBXFileReference; fileEncoding = 4; lastKnownFileType = sourcecode.swift; path = LoadUsers.swift; sourceTree = "<group>"; };
		8CA62A6324910FFB00455B9F /* DataExtensions.swift */ = {isa = PBXFileReference; lastKnownFileType = sourcecode.swift; path = DataExtensions.swift; sourceTree = "<group>"; };
		8CA62A652491220300455B9F /* UserDetailView.swift */ = {isa = PBXFileReference; lastKnownFileType = sourcecode.swift; path = UserDetailView.swift; sourceTree = "<group>"; };
		CE099A9C3AA7D9F241C694BE /* Pods-GitHubUsers.debug.xcconfig */ = {isa = PBXFileReference; includeInIndex = 1; lastKnownFileType = text.xcconfig; name = "Pods-GitHubUsers.debug.xcconfig"; path = "Target Support Files/Pods-GitHubUsers/Pods-GitHubUsers.debug.xcconfig"; sourceTree = "<group>"; };
/* End PBXFileReference section */

/* Begin PBXFrameworksBuildPhase section */
		8C640F2C248E8DC4003EA22C /* Frameworks */ = {
			isa = PBXFrameworksBuildPhase;
			buildActionMask = 2147483647;
			files = (
				83CE02434966DC88EDC33B46 /* Pods_GitHubUsers.framework in Frameworks */,
			);
			runOnlyForDeploymentPostprocessing = 0;
		};
/* End PBXFrameworksBuildPhase section */

/* Begin PBXGroup section */
		8C4395AA2493920F000659F2 /* LottieAnimation */ = {
			isa = PBXGroup;
			children = (
				8C4395A624938A08000659F2 /* 18357-spinner-dots.json */,
				8C4395A824939202000659F2 /* LottieView.swift */,
			);
			path = LottieAnimation;
			sourceTree = "<group>";
		};
		8C640F26248E8DC4003EA22C = {
			isa = PBXGroup;
			children = (
				8C640F31248E8DC4003EA22C /* GitHubUsers */,
				8C640F30248E8DC4003EA22C /* Products */,
				D86B8A4A88203116E155FD94 /* Pods */,
				ABAB0687E3CB87ADFE66E7DE /* Frameworks */,
			);
			sourceTree = "<group>";
		};
		8C640F30248E8DC4003EA22C /* Products */ = {
			isa = PBXGroup;
			children = (
				8C640F2F248E8DC4003EA22C /* GitHubUsers.app */,
			);
			name = Products;
			sourceTree = "<group>";
		};
		8C640F31248E8DC4003EA22C /* GitHubUsers */ = {
			isa = PBXGroup;
			children = (
				8C4395AA2493920F000659F2 /* LottieAnimation */,
				8C8174DF2492AA3F00789AD3 /* CoreData */,
				8CA62A6024910A7B00455B9F /* API */,
				8C656F7A2492454C003D8723 /* Helpers */,
				8CA62A5B2490F77C00455B9F /* Extensions */,
				8C656F77249244D3003D8723 /* Model */,
				8C656F78249244DF003D8723 /* View */,
				8C656F79249244EE003D8723 /* Controller */,
				8C640F32248E8DC4003EA22C /* AppDelegate.swift */,
				8C640F34248E8DC4003EA22C /* SceneDelegate.swift */,
				8C640F38248E8DC4003EA22C /* Main.storyboard */,
				8C640F3E248E8DC5003EA22C /* Assets.xcassets */,
				8C640F40248E8DC5003EA22C /* LaunchScreen.storyboard */,
				8C640F43248E8DC5003EA22C /* Info.plist */,
			);
			path = GitHubUsers;
			sourceTree = "<group>";
		};
		8C640F65248FFFD7003EA22C /* NetworkLayer */ = {
			isa = PBXGroup;
			children = (
				8C640F682490008C003EA22C /* Encoding */,
				8C640F6724900080003EA22C /* Service */,
				8C640F6624900069003EA22C /* HTTP */,
			);
			path = NetworkLayer;
			sourceTree = "<group>";
		};
		8C640F6624900069003EA22C /* HTTP */ = {
			isa = PBXGroup;
			children = (
				8C640F6D249000D4003EA22C /* HTTPMethod.swift */,
				8C640F6F249000D5003EA22C /* HTTPNetworkError.swift */,
				8C640F6E249000D5003EA22C /* HTTPNetworkRequest.swift */,
				8C640F70249000D5003EA22C /* HTTPNetworkResponse.swift */,
				8C640F71249000D5003EA22C /* HTTPNetworkRoute.swift */,
			);
			path = HTTP;
			sourceTree = "<group>";
		};
		8C640F6724900080003EA22C /* Service */ = {
			isa = PBXGroup;
			children = (
				8C640F7824900108003EA22C /* APIResponseSearchUsers.swift */,
				8CA62A582490D1D100455B9F /* APIResponseUser.swift */,
				8C640F7724900108003EA22C /* SearchUsersService.swift */,
				8CA62A562490CDEE00455B9F /* UserService.swift */,
			);
			path = Service;
			sourceTree = "<group>";
		};
		8C640F682490008C003EA22C /* Encoding */ = {
			isa = PBXGroup;
			children = (
				8C640F69249000B4003EA22C /* Result.swift */,
				8C640F6A249000B4003EA22C /* URLEncoder.swift */,
			);
			path = Encoding;
			sourceTree = "<group>";
		};
		8C656F77249244D3003D8723 /* Model */ = {
			isa = PBXGroup;
			children = (
				8C640F51248E9E36003EA22C /* User.swift */,
			);
			path = Model;
			sourceTree = "<group>";
		};
		8C656F78249244DF003D8723 /* View */ = {
			isa = PBXGroup;
			children = (
				8CA62A652491220300455B9F /* UserDetailView.swift */,
				8C640F4D248E8FF9003EA22C /* UserListCell.xib */,
				8C656F722492311A003D8723 /* UserGridCell.swift */,
				8C656F712492311A003D8723 /* UserGridCell.xib */,
				8C640F4E248E8FF9003EA22C /* UserListCell.swift */,
			);
			path = View;
			sourceTree = "<group>";
		};
		8C656F79249244EE003D8723 /* Controller */ = {
			isa = PBXGroup;
			children = (
				8C656F752492406C003D8723 /* SearchUsersVC.swift */,
			);
			path = Controller;
			sourceTree = "<group>";
		};
		8C656F7A2492454C003D8723 /* Helpers */ = {
			isa = PBXGroup;
			children = (
				8C640F57248F9CF5003EA22C /* UserDragCoordinator.swift */,
			);
			path = Helpers;
			sourceTree = "<group>";
		};
		8C8174DF2492AA3F00789AD3 /* CoreData */ = {
			isa = PBXGroup;
			children = (
				8C8174E42492AC7500789AD3 /* PersistencyService.swift */,
				8C8174E02492AA5C00789AD3 /* CDUser+CoreDataClass.swift */,
				8C4395A2249364EE000659F2 /* CDUser+CoreDataProperties.swift */,
				8C640F3B248E8DC4003EA22C /* GitHubUsers.xcdatamodeld */,
			);
			path = CoreData;
			sourceTree = "<group>";
		};
		8CA62A5B2490F77C00455B9F /* Extensions */ = {
			isa = PBXGroup;
			children = (
				8CA62A5C2490F79000455B9F /* URLExtensions.swift */,
				8CA62A6324910FFB00455B9F /* DataExtensions.swift */,
				8C09591424925AB40074CA59 /* UICollectionViewExtensions.swift */,
				8C0ED6182493F6B400DCC857 /* UserDefaultsExtensions.swift */,
			);
			path = Extensions;
			sourceTree = "<group>";
		};
		8CA62A6024910A7B00455B9F /* API */ = {
			isa = PBXGroup;
			children = (
				8CA62A6124910C5500455B9F /* LoadUsers.swift */,
				8C640F65248FFFD7003EA22C /* NetworkLayer */,
			);
			path = API;
			sourceTree = "<group>";
		};
		ABAB0687E3CB87ADFE66E7DE /* Frameworks */ = {
			isa = PBXGroup;
			children = (
				4707421213D244EDD4776069 /* Pods_GitHubUsers.framework */,
			);
			name = Frameworks;
			sourceTree = "<group>";
		};
		D86B8A4A88203116E155FD94 /* Pods */ = {
			isa = PBXGroup;
			children = (
				CE099A9C3AA7D9F241C694BE /* Pods-GitHubUsers.debug.xcconfig */,
				3DD86876BB732951A8A5BA0C /* Pods-GitHubUsers.release.xcconfig */,
			);
			path = Pods;
			sourceTree = "<group>";
		};
/* End PBXGroup section */

/* Begin PBXNativeTarget section */
		8C640F2E248E8DC4003EA22C /* GitHubUsers */ = {
			isa = PBXNativeTarget;
			buildConfigurationList = 8C640F46248E8DC5003EA22C /* Build configuration list for PBXNativeTarget "GitHubUsers" */;
			buildPhases = (
				5679F09FD053F20639E5DA9A /* [CP] Check Pods Manifest.lock */,
				8C640F2B248E8DC4003EA22C /* Sources */,
				8C640F2C248E8DC4003EA22C /* Frameworks */,
				8C640F2D248E8DC4003EA22C /* Resources */,
				E84E94B50C2CF7F8713646BD /* [CP] Embed Pods Frameworks */,
				8C5A86862494F11100DFB637 /* SwiftLint Run Script */,
			);
			buildRules = (
			);
			dependencies = (
			);
			name = GitHubUsers;
			productName = GitHubUsers;
			productReference = 8C640F2F248E8DC4003EA22C /* GitHubUsers.app */;
			productType = "com.apple.product-type.application";
		};
/* End PBXNativeTarget section */

/* Begin PBXProject section */
		8C640F27248E8DC4003EA22C /* Project object */ = {
			isa = PBXProject;
			attributes = {
				LastSwiftUpdateCheck = 1150;
				LastUpgradeCheck = 1150;
				ORGANIZATIONNAME = "Cathal Farrell";
				TargetAttributes = {
					8C640F2E248E8DC4003EA22C = {
						CreatedOnToolsVersion = 11.5;
					};
				};
			};
			buildConfigurationList = 8C640F2A248E8DC4003EA22C /* Build configuration list for PBXProject "GitHubUsers" */;
			compatibilityVersion = "Xcode 9.3";
			developmentRegion = en;
			hasScannedForEncodings = 0;
			knownRegions = (
				en,
				Base,
			);
			mainGroup = 8C640F26248E8DC4003EA22C;
			productRefGroup = 8C640F30248E8DC4003EA22C /* Products */;
			projectDirPath = "";
			projectRoot = "";
			targets = (
				8C640F2E248E8DC4003EA22C /* GitHubUsers */,
			);
		};
/* End PBXProject section */

/* Begin PBXResourcesBuildPhase section */
		8C640F2D248E8DC4003EA22C /* Resources */ = {
			isa = PBXResourcesBuildPhase;
			buildActionMask = 2147483647;
			files = (
				8C640F4F248E8FF9003EA22C /* UserListCell.xib in Resources */,
				8C656F732492311A003D8723 /* UserGridCell.xib in Resources */,
				8C640F42248E8DC5003EA22C /* LaunchScreen.storyboard in Resources */,
				8C640F3F248E8DC5003EA22C /* Assets.xcassets in Resources */,
				8C4395A724938A08000659F2 /* 18357-spinner-dots.json in Resources */,
				8C640F3A248E8DC4003EA22C /* Main.storyboard in Resources */,
			);
			runOnlyForDeploymentPostprocessing = 0;
		};
/* End PBXResourcesBuildPhase section */

/* Begin PBXShellScriptBuildPhase section */
		5679F09FD053F20639E5DA9A /* [CP] Check Pods Manifest.lock */ = {
			isa = PBXShellScriptBuildPhase;
			buildActionMask = 2147483647;
			files = (
			);
			inputFileListPaths = (
			);
			inputPaths = (
				"${PODS_PODFILE_DIR_PATH}/Podfile.lock",
				"${PODS_ROOT}/Manifest.lock",
			);
			name = "[CP] Check Pods Manifest.lock";
			outputFileListPaths = (
			);
			outputPaths = (
				"$(DERIVED_FILE_DIR)/Pods-GitHubUsers-checkManifestLockResult.txt",
			);
			runOnlyForDeploymentPostprocessing = 0;
			shellPath = /bin/sh;
			shellScript = "diff \"${PODS_PODFILE_DIR_PATH}/Podfile.lock\" \"${PODS_ROOT}/Manifest.lock\" > /dev/null\nif [ $? != 0 ] ; then\n    # print error to STDERR\n    echo \"error: The sandbox is not in sync with the Podfile.lock. Run 'pod install' or update your CocoaPods installation.\" >&2\n    exit 1\nfi\n# This output is used by Xcode 'outputs' to avoid re-running this script phase.\necho \"SUCCESS\" > \"${SCRIPT_OUTPUT_FILE_0}\"\n";
			showEnvVarsInLog = 0;
		};
		8C5A86862494F11100DFB637 /* SwiftLint Run Script */ = {
			isa = PBXShellScriptBuildPhase;
			buildActionMask = 2147483647;
			files = (
			);
			inputFileListPaths = (
			);
			inputPaths = (
			);
			name = "SwiftLint Run Script";
			outputFileListPaths = (
			);
			outputPaths = (
			);
			runOnlyForDeploymentPostprocessing = 0;
			shellPath = /bin/sh;
			shellScript = "# Type a script or drag a script file from your workspace to insert its path.\n\"${PODS_ROOT}/SwiftLint/swiftlint\"\n";
		};
		E84E94B50C2CF7F8713646BD /* [CP] Embed Pods Frameworks */ = {
			isa = PBXShellScriptBuildPhase;
			buildActionMask = 2147483647;
			files = (
			);
			inputFileListPaths = (
				"${PODS_ROOT}/Target Support Files/Pods-GitHubUsers/Pods-GitHubUsers-frameworks-${CONFIGURATION}-input-files.xcfilelist",
			);
			name = "[CP] Embed Pods Frameworks";
			outputFileListPaths = (
				"${PODS_ROOT}/Target Support Files/Pods-GitHubUsers/Pods-GitHubUsers-frameworks-${CONFIGURATION}-output-files.xcfilelist",
			);
			runOnlyForDeploymentPostprocessing = 0;
			shellPath = /bin/sh;
			shellScript = "\"${PODS_ROOT}/Target Support Files/Pods-GitHubUsers/Pods-GitHubUsers-frameworks.sh\"\n";
			showEnvVarsInLog = 0;
		};
/* End PBXShellScriptBuildPhase section */

/* Begin PBXSourcesBuildPhase section */
		8C640F2B248E8DC4003EA22C /* Sources */ = {
			isa = PBXSourcesBuildPhase;
			buildActionMask = 2147483647;
			files = (
				8C640F7924900108003EA22C /* SearchUsersService.swift in Sources */,
				8C640F3D248E8DC4003EA22C /* GitHubUsers.xcdatamodeld in Sources */,
				8C640F74249000D5003EA22C /* HTTPNetworkError.swift in Sources */,
				8C640F76249000D5003EA22C /* HTTPNetworkRoute.swift in Sources */,
				8C640F52248E9E36003EA22C /* User.swift in Sources */,
				8C640F75249000D5003EA22C /* HTTPNetworkResponse.swift in Sources */,
				8CA62A572490CDEE00455B9F /* UserService.swift in Sources */,
				8C8174E22492AA5C00789AD3 /* CDUser+CoreDataClass.swift in Sources */,
				8C640F58248F9CF5003EA22C /* UserDragCoordinator.swift in Sources */,
				8C0ED6192493F6B400DCC857 /* UserDefaultsExtensions.swift in Sources */,
				8CA62A592490D1D100455B9F /* APIResponseUser.swift in Sources */,
				8C640F6C249000B4003EA22C /* URLEncoder.swift in Sources */,
				8C4395A924939202000659F2 /* LottieView.swift in Sources */,
				8CA62A662491220300455B9F /* UserDetailView.swift in Sources */,
				8CA62A6424910FFB00455B9F /* DataExtensions.swift in Sources */,
				8C640F7A24900108003EA22C /* APIResponseSearchUsers.swift in Sources */,
				8CA62A6224910C5500455B9F /* LoadUsers.swift in Sources */,
				8C656F762492406C003D8723 /* SearchUsersVC.swift in Sources */,
				8C640F33248E8DC4003EA22C /* AppDelegate.swift in Sources */,
				8C09591524925AB40074CA59 /* UICollectionViewExtensions.swift in Sources */,
				8C4395A3249364EE000659F2 /* CDUser+CoreDataProperties.swift in Sources */,
				8C640F50248E8FF9003EA22C /* UserListCell.swift in Sources */,
				8C640F6B249000B4003EA22C /* Result.swift in Sources */,
				8C640F72249000D5003EA22C /* HTTPMethod.swift in Sources */,
				8C656F742492311A003D8723 /* UserGridCell.swift in Sources */,
				8C8174E52492AC7500789AD3 /* PersistencyService.swift in Sources */,
				8CA62A5D2490F79000455B9F /* URLExtensions.swift in Sources */,
				8C640F73249000D5003EA22C /* HTTPNetworkRequest.swift in Sources */,
				8C640F35248E8DC4003EA22C /* SceneDelegate.swift in Sources */,
			);
			runOnlyForDeploymentPostprocessing = 0;
		};
/* End PBXSourcesBuildPhase section */

/* Begin PBXVariantGroup section */
		8C640F38248E8DC4003EA22C /* Main.storyboard */ = {
			isa = PBXVariantGroup;
			children = (
				8C640F39248E8DC4003EA22C /* Base */,
			);
			name = Main.storyboard;
			sourceTree = "<group>";
		};
		8C640F40248E8DC5003EA22C /* LaunchScreen.storyboard */ = {
			isa = PBXVariantGroup;
			children = (
				8C640F41248E8DC5003EA22C /* Base */,
			);
			name = LaunchScreen.storyboard;
			sourceTree = "<group>";
		};
/* End PBXVariantGroup section */

/* Begin XCBuildConfiguration section */
		8C640F44248E8DC5003EA22C /* Debug */ = {
			isa = XCBuildConfiguration;
			buildSettings = {
				ALWAYS_SEARCH_USER_PATHS = NO;
				CLANG_ANALYZER_NONNULL = YES;
				CLANG_ANALYZER_NUMBER_OBJECT_CONVERSION = YES_AGGRESSIVE;
				CLANG_CXX_LANGUAGE_STANDARD = "gnu++14";
				CLANG_CXX_LIBRARY = "libc++";
				CLANG_ENABLE_MODULES = YES;
				CLANG_ENABLE_OBJC_ARC = YES;
				CLANG_ENABLE_OBJC_WEAK = YES;
				CLANG_WARN_BLOCK_CAPTURE_AUTORELEASING = YES;
				CLANG_WARN_BOOL_CONVERSION = YES;
				CLANG_WARN_COMMA = YES;
				CLANG_WARN_CONSTANT_CONVERSION = YES;
				CLANG_WARN_DEPRECATED_OBJC_IMPLEMENTATIONS = YES;
				CLANG_WARN_DIRECT_OBJC_ISA_USAGE = YES_ERROR;
				CLANG_WARN_DOCUMENTATION_COMMENTS = YES;
				CLANG_WARN_EMPTY_BODY = YES;
				CLANG_WARN_ENUM_CONVERSION = YES;
				CLANG_WARN_INFINITE_RECURSION = YES;
				CLANG_WARN_INT_CONVERSION = YES;
				CLANG_WARN_NON_LITERAL_NULL_CONVERSION = YES;
				CLANG_WARN_OBJC_IMPLICIT_RETAIN_SELF = YES;
				CLANG_WARN_OBJC_LITERAL_CONVERSION = YES;
				CLANG_WARN_OBJC_ROOT_CLASS = YES_ERROR;
				CLANG_WARN_RANGE_LOOP_ANALYSIS = YES;
				CLANG_WARN_STRICT_PROTOTYPES = YES;
				CLANG_WARN_SUSPICIOUS_MOVE = YES;
				CLANG_WARN_UNGUARDED_AVAILABILITY = YES_AGGRESSIVE;
				CLANG_WARN_UNREACHABLE_CODE = YES;
				CLANG_WARN__DUPLICATE_METHOD_MATCH = YES;
				COPY_PHASE_STRIP = NO;
				DEBUG_INFORMATION_FORMAT = dwarf;
				ENABLE_STRICT_OBJC_MSGSEND = YES;
				ENABLE_TESTABILITY = YES;
				GCC_C_LANGUAGE_STANDARD = gnu11;
				GCC_DYNAMIC_NO_PIC = NO;
				GCC_NO_COMMON_BLOCKS = YES;
				GCC_OPTIMIZATION_LEVEL = 0;
				GCC_PREPROCESSOR_DEFINITIONS = (
					"DEBUG=1",
					"$(inherited)",
				);
				GCC_WARN_64_TO_32_BIT_CONVERSION = YES;
				GCC_WARN_ABOUT_RETURN_TYPE = YES_ERROR;
				GCC_WARN_UNDECLARED_SELECTOR = YES;
				GCC_WARN_UNINITIALIZED_AUTOS = YES_AGGRESSIVE;
				GCC_WARN_UNUSED_FUNCTION = YES;
				GCC_WARN_UNUSED_VARIABLE = YES;
				IPHONEOS_DEPLOYMENT_TARGET = 13.5;
				MTL_ENABLE_DEBUG_INFO = INCLUDE_SOURCE;
				MTL_FAST_MATH = YES;
				ONLY_ACTIVE_ARCH = YES;
				SDKROOT = iphoneos;
				SWIFT_ACTIVE_COMPILATION_CONDITIONS = DEBUG;
				SWIFT_OPTIMIZATION_LEVEL = "-Onone";
			};
			name = Debug;
		};
		8C640F45248E8DC5003EA22C /* Release */ = {
			isa = XCBuildConfiguration;
			buildSettings = {
				ALWAYS_SEARCH_USER_PATHS = NO;
				CLANG_ANALYZER_NONNULL = YES;
				CLANG_ANALYZER_NUMBER_OBJECT_CONVERSION = YES_AGGRESSIVE;
				CLANG_CXX_LANGUAGE_STANDARD = "gnu++14";
				CLANG_CXX_LIBRARY = "libc++";
				CLANG_ENABLE_MODULES = YES;
				CLANG_ENABLE_OBJC_ARC = YES;
				CLANG_ENABLE_OBJC_WEAK = YES;
				CLANG_WARN_BLOCK_CAPTURE_AUTORELEASING = YES;
				CLANG_WARN_BOOL_CONVERSION = YES;
				CLANG_WARN_COMMA = YES;
				CLANG_WARN_CONSTANT_CONVERSION = YES;
				CLANG_WARN_DEPRECATED_OBJC_IMPLEMENTATIONS = YES;
				CLANG_WARN_DIRECT_OBJC_ISA_USAGE = YES_ERROR;
				CLANG_WARN_DOCUMENTATION_COMMENTS = YES;
				CLANG_WARN_EMPTY_BODY = YES;
				CLANG_WARN_ENUM_CONVERSION = YES;
				CLANG_WARN_INFINITE_RECURSION = YES;
				CLANG_WARN_INT_CONVERSION = YES;
				CLANG_WARN_NON_LITERAL_NULL_CONVERSION = YES;
				CLANG_WARN_OBJC_IMPLICIT_RETAIN_SELF = YES;
				CLANG_WARN_OBJC_LITERAL_CONVERSION = YES;
				CLANG_WARN_OBJC_ROOT_CLASS = YES_ERROR;
				CLANG_WARN_RANGE_LOOP_ANALYSIS = YES;
				CLANG_WARN_STRICT_PROTOTYPES = YES;
				CLANG_WARN_SUSPICIOUS_MOVE = YES;
				CLANG_WARN_UNGUARDED_AVAILABILITY = YES_AGGRESSIVE;
				CLANG_WARN_UNREACHABLE_CODE = YES;
				CLANG_WARN__DUPLICATE_METHOD_MATCH = YES;
				COPY_PHASE_STRIP = NO;
				DEBUG_INFORMATION_FORMAT = "dwarf-with-dsym";
				ENABLE_NS_ASSERTIONS = NO;
				ENABLE_STRICT_OBJC_MSGSEND = YES;
				GCC_C_LANGUAGE_STANDARD = gnu11;
				GCC_NO_COMMON_BLOCKS = YES;
				GCC_WARN_64_TO_32_BIT_CONVERSION = YES;
				GCC_WARN_ABOUT_RETURN_TYPE = YES_ERROR;
				GCC_WARN_UNDECLARED_SELECTOR = YES;
				GCC_WARN_UNINITIALIZED_AUTOS = YES_AGGRESSIVE;
				GCC_WARN_UNUSED_FUNCTION = YES;
				GCC_WARN_UNUSED_VARIABLE = YES;
				IPHONEOS_DEPLOYMENT_TARGET = 13.5;
				MTL_ENABLE_DEBUG_INFO = NO;
				MTL_FAST_MATH = YES;
				SDKROOT = iphoneos;
				SWIFT_COMPILATION_MODE = wholemodule;
				SWIFT_OPTIMIZATION_LEVEL = "-O";
				VALIDATE_PRODUCT = YES;
			};
			name = Release;
		};
		8C640F47248E8DC5003EA22C /* Debug */ = {
			isa = XCBuildConfiguration;
			baseConfigurationReference = CE099A9C3AA7D9F241C694BE /* Pods-GitHubUsers.debug.xcconfig */;
			buildSettings = {
				ASSETCATALOG_COMPILER_APPICON_NAME = AppIcon;
				CODE_SIGN_STYLE = Automatic;
				DEVELOPMENT_TEAM = 6SGA66BV7F;
				INFOPLIST_FILE = GitHubUsers/Info.plist;
				LD_RUNPATH_SEARCH_PATHS = (
					"$(inherited)",
					"@executable_path/Frameworks",
				);
				PRODUCT_BUNDLE_IDENTIFIER = com.cathalfarrell.GitHubUsers;
				PRODUCT_NAME = "$(TARGET_NAME)";
				SWIFT_VERSION = 5.0;
				TARGETED_DEVICE_FAMILY = "1,2";
			};
			name = Debug;
		};
		8C640F48248E8DC5003EA22C /* Release */ = {
			isa = XCBuildConfiguration;
			baseConfigurationReference = 3DD86876BB732951A8A5BA0C /* Pods-GitHubUsers.release.xcconfig */;
			buildSettings = {
				ASSETCATALOG_COMPILER_APPICON_NAME = AppIcon;
				CODE_SIGN_STYLE = Automatic;
				DEVELOPMENT_TEAM = 6SGA66BV7F;
				INFOPLIST_FILE = GitHubUsers/Info.plist;
				LD_RUNPATH_SEARCH_PATHS = (
					"$(inherited)",
					"@executable_path/Frameworks",
				);
				PRODUCT_BUNDLE_IDENTIFIER = com.cathalfarrell.GitHubUsers;
				PRODUCT_NAME = "$(TARGET_NAME)";
				SWIFT_VERSION = 5.0;
				TARGETED_DEVICE_FAMILY = "1,2";
			};
			name = Release;
		};
/* End XCBuildConfiguration section */

/* Begin XCConfigurationList section */
		8C640F2A248E8DC4003EA22C /* Build configuration list for PBXProject "GitHubUsers" */ = {
			isa = XCConfigurationList;
			buildConfigurations = (
				8C640F44248E8DC5003EA22C /* Debug */,
				8C640F45248E8DC5003EA22C /* Release */,
			);
			defaultConfigurationIsVisible = 0;
			defaultConfigurationName = Release;
		};
		8C640F46248E8DC5003EA22C /* Build configuration list for PBXNativeTarget "GitHubUsers" */ = {
			isa = XCConfigurationList;
			buildConfigurations = (
				8C640F47248E8DC5003EA22C /* Debug */,
				8C640F48248E8DC5003EA22C /* Release */,
			);
			defaultConfigurationIsVisible = 0;
			defaultConfigurationName = Release;
		};
/* End XCConfigurationList section */

/* Begin XCVersionGroup section */
		8C640F3B248E8DC4003EA22C /* GitHubUsers.xcdatamodeld */ = {
			isa = XCVersionGroup;
			children = (
				8C640F3C248E8DC4003EA22C /* GitHubUsers.xcdatamodel */,
			);
			currentVersion = 8C640F3C248E8DC4003EA22C /* GitHubUsers.xcdatamodel */;
			path = GitHubUsers.xcdatamodeld;
			sourceTree = "<group>";
			versionGroupType = wrapper.xcdatamodel;
		};
/* End XCVersionGroup section */
	};
	rootObject = 8C640F27248E8DC4003EA22C /* Project object */;
}
